
Microsoft Visual Studio Solution File, Format Version 12.00
# Visual Studio Version 16
VisualStudioVersion = 16.0.31729.503
MinimumVisualStudioVersion = 10.0.40219.1
Project("{FAE04EC0-301F-11D3-BF4B-00C04F79EFBC}") = "GarbageCollection", "GarbageCollection\GarbageCollection.csproj", "{8F885958-6F2D-42F3-9782-980713948487}"
EndProject
Global
	GlobalSection(SolutionConfigurationPlatforms) = preSolution
		Debug|Any CPU = Debug|Any CPU
		Release|Any CPU = Release|Any CPU
	EndGlobalSection
	GlobalSection(ProjectConfigurationPlatforms) = postSolution
		{8F885958-6F2D-42F3-9782-980713948487}.Debug|Any CPU.ActiveCfg = Debug|Any CPU
		{8F885958-6F2D-42F3-9782-980713948487}.Debug|Any CPU.Build.0 = Debug|Any CPU
		{8F885958-6F2D-42F3-9782-980713948487}.Release|Any CPU.ActiveCfg = Release|Any CPU
		{8F885958-6F2D-42F3-9782-980713948487}.Release|Any CPU.Build.0 = Release|Any CPU
	EndGlobalSection
	GlobalSection(SolutionProperties) = preSolution
		HideSolutionNode = FALSE
	EndGlobalSection
	GlobalSection(ExtensibilityGlobals) = postSolution
		SolutionGuid = {342EEA36-BEC5-4481-9CB2-72EF2715E4E9}
	EndGlobalSection
EndGlobal
